<Solution>
  <Project Path="DWFSDatabase/DWFSDatabase.sqlproj" Id="e3e6235b-36be-4456-a6ef-237ab097eafb">
    <Build />
    <Deploy />
  </Project>
  <Project Path="DWFSDataManager.Library/DWFSDataManager.Library.csproj" Id="cb1d73d1-4929-4052-9bab-902dce43fd8f" />
  <Project Path="DWFSDataManager/DWFSDataManager.csproj" Id="59d0b04d-db1d-43c9-82b3-77b7166db9eb" />
  <Project Path="DWFSWPFUserInterface.Library/DWFSWPFUserInterface.Library.csproj" Id="ed4fbc13-4893-48ec-a1d8-5637302792e6" />
  <Project Path="DWFSWPFUserInterface/DWFSWPFUserInterface.csproj" Id="fea993ba-423a-448b-a5f9-51f61b39db07" />
</Solution>
